
Microsoft Visual Studio Solution File, Format Version 12.00
# Visual Studio 15
VisualStudioVersion = 15.0.26403.7
MinimumVisualStudioVersion = 10.0.40219.1
Project("{E24C65DC-7377-472B-9ABA-BC803B73C61A}") = "WordGame", "..\..\WebSites\WordGame\", "{3C893040-479E-431D-A037-84A1D063A7F4}"
	ProjectSection(WebsiteProperties) = preProject
		TargetFrameworkMoniker = ".NETFramework,Version%3Dv4.5.2"
		Debug.AspNetCompiler.VirtualPath = "/localhost_58542"
		Debug.AspNetCompiler.PhysicalPath = "..\..\WebSites\WordGame\"
		Debug.AspNetCompiler.TargetPath = "PrecompiledWeb\localhost_58542\"
		Debug.AspNetCompiler.Updateable = "true"
		Debug.AspNetCompiler.ForceOverwrite = "true"
		Debug.AspNetCompiler.FixedNames = "false"
		Debug.AspNetCompiler.Debug = "True"
		Release.AspNetCompiler.VirtualPath = "/localhost_58542"
		Release.AspNetCompiler.PhysicalPath = "..\..\WebSites\WordGame\"
		Release.AspNetCompiler.TargetPath = "PrecompiledWeb\localhost_58542\"
		Release.AspNetCompiler.Updateable = "true"
		Release.AspNetCompiler.ForceOverwrite = "true"
		Release.AspNetCompiler.FixedNames = "false"
		Release.AspNetCompiler.Debug = "False"
		VWDPort = "58542"
		SlnRelativePath = "..\..\WebSites\WordGame\"
		DefaultWebSiteLanguage = "Visual C#"
	EndProjectSection
EndProject
Project("{2150E333-8FDC-42A3-9474-1A3956D46DE8}") = "Solution Items", "Solution Items", "{8235F31F-949E-47ED-839A-723269E5066D}"
EndProject
Global
	GlobalSection(SolutionConfigurationPlatforms) = preSolution
		Debug|Any CPU = Debug|Any CPU
	EndGlobalSection
	GlobalSection(ProjectConfigurationPlatforms) = postSolution
		{3C893040-479E-431D-A037-84A1D063A7F4}.Debug|Any CPU.ActiveCfg = Debug|Any CPU
		{3C893040-479E-431D-A037-84A1D063A7F4}.Debug|Any CPU.Build.0 = Debug|Any CPU
	EndGlobalSection
	GlobalSection(SolutionProperties) = preSolution
		HideSolutionNode = FALSE
	EndGlobalSection
EndGlobal
